// !$*UTF8*$!
{
	archiveVersion = 1;
	classes = {
	};
	objectVersion = 56;
	objects = {

/* Begin PBXBuildFile section */
		71331E752AF5D9810070D778 /* VeganizeApp.swift in Sources */ = {isa = PBXBuildFile; fileRef = 71331E742AF5D9810070D778 /* VeganizeApp.swift */; };
		71331E792AF5D9830070D778 /* Assets.xcassets in Resources */ = {isa = PBXBuildFile; fileRef = 71331E782AF5D9830070D778 /* Assets.xcassets */; };
		71331E7C2AF5D9830070D778 /* Preview Assets.xcassets in Resources */ = {isa = PBXBuildFile; fileRef = 71331E7B2AF5D9830070D778 /* Preview Assets.xcassets */; };
		71331E8F2AF6B23B0070D778 /* ScaledFont.swift in Sources */ = {isa = PBXBuildFile; fileRef = 71331E8E2AF6B23B0070D778 /* ScaledFont.swift */; };
		71331E912AF6B2480070D778 /* CustomButtonStyle.swift in Sources */ = {isa = PBXBuildFile; fileRef = 71331E902AF6B2480070D778 /* CustomButtonStyle.swift */; };
		71331E932AF6B24C0070D778 /* ButtonStyle+Extension.swift in Sources */ = {isa = PBXBuildFile; fileRef = 71331E922AF6B24C0070D778 /* ButtonStyle+Extension.swift */; };
		71331E952AF6B24F0070D778 /* Text+Extension.swift in Sources */ = {isa = PBXBuildFile; fileRef = 71331E942AF6B24F0070D778 /* Text+Extension.swift */; };
		71331E972AF6B25E0070D778 /* Theme.swift in Sources */ = {isa = PBXBuildFile; fileRef = 71331E962AF6B25E0070D778 /* Theme.swift */; };
		71331E992AF6B2620070D778 /* Constants.swift in Sources */ = {isa = PBXBuildFile; fileRef = 71331E982AF6B2620070D778 /* Constants.swift */; };
		71331E9B2AF6B26A0070D778 /* SectionHeader.swift in Sources */ = {isa = PBXBuildFile; fileRef = 71331E9A2AF6B26A0070D778 /* SectionHeader.swift */; };
		71331E9E2AF6B3BA0070D778 /* HomeView.swift in Sources */ = {isa = PBXBuildFile; fileRef = 71331E9D2AF6B3BA0070D778 /* HomeView.swift */; };
		71331EA02AF6B46A0070D778 /* Theme.xcassets in Resources */ = {isa = PBXBuildFile; fileRef = 71331E9F2AF6B46A0070D778 /* Theme.xcassets */; };
		71D0422A2AFEEA4900F88F92 /* TestData.swift in Sources */ = {isa = PBXBuildFile; fileRef = 71D042292AFEEA4900F88F92 /* TestData.swift */; };
		71D042312AFEF32900F88F92 /* RecipeDetailsViewModelTests.swift in Sources */ = {isa = PBXBuildFile; fileRef = 71D042302AFEF32900F88F92 /* RecipeDetailsViewModelTests.swift */; };
		71D042332AFF088A00F88F92 /* RecipeImageView.swift in Sources */ = {isa = PBXBuildFile; fileRef = 71D042322AFF088A00F88F92 /* RecipeImageView.swift */; };
		71D042362AFF0A0800F88F92 /* Kingfisher in Frameworks */ = {isa = PBXBuildFile; productRef = 71D042352AFF0A0800F88F92 /* Kingfisher */; };
		71D042392AFF13DE00F88F92 /* MockDataService.swift in Sources */ = {isa = PBXBuildFile; fileRef = 71D042382AFF13DE00F88F92 /* MockDataService.swift */; };
		71D0423A2AFF150100F88F92 /* TestData.swift in Sources */ = {isa = PBXBuildFile; fileRef = 71D042292AFEEA4900F88F92 /* TestData.swift */; };
		71D0423E2AFFE90E00F88F92 /* HTTPDataDownloader.swift in Sources */ = {isa = PBXBuildFile; fileRef = 71D0423D2AFFE90E00F88F92 /* HTTPDataDownloader.swift */; };
		71F284D32AFEAB8800CF1CBC /* RecipeViewModel.swift in Sources */ = {isa = PBXBuildFile; fileRef = 71F284D22AFEAB8800CF1CBC /* RecipeViewModel.swift */; };
		71F284D52AFEAD8900CF1CBC /* RecipeDetailsViewModel.swift in Sources */ = {isa = PBXBuildFile; fileRef = 71F284D42AFEAD8900CF1CBC /* RecipeDetailsViewModel.swift */; };
		71F284D82AFEAFEB00CF1CBC /* RecipeDetailsCache.swift in Sources */ = {isa = PBXBuildFile; fileRef = 71F284D72AFEAFEB00CF1CBC /* RecipeDetailsCache.swift */; };
		71F284DA2AFEBF0300CF1CBC /* RecipeCard.swift in Sources */ = {isa = PBXBuildFile; fileRef = 71F284D92AFEBF0300CF1CBC /* RecipeCard.swift */; };
		71F284DE2AFEC27C00CF1CBC /* RecipeDetailsView.swift in Sources */ = {isa = PBXBuildFile; fileRef = 71F284DD2AFEC27C00CF1CBC /* RecipeDetailsView.swift */; };
		71FFDE0F2AF9BABB003491BC /* RecipeDataService.swift in Sources */ = {isa = PBXBuildFile; fileRef = 71FFDE0E2AF9BABB003491BC /* RecipeDataService.swift */; };
		71FFDE112AF9C6C7003491BC /* Recipe.swift in Sources */ = {isa = PBXBuildFile; fileRef = 71FFDE102AF9C6C7003491BC /* Recipe.swift */; };
		71FFDE162AF9D103003491BC /* RecipeAPIError.swift in Sources */ = {isa = PBXBuildFile; fileRef = 71FFDE152AF9D103003491BC /* RecipeAPIError.swift */; };
		71FFDE1E2AF9DFA2003491BC /* VeganizeTests.swift in Sources */ = {isa = PBXBuildFile; fileRef = 71FFDE1D2AF9DFA2003491BC /* VeganizeTests.swift */; };
/* End PBXBuildFile section */

/* Begin PBXContainerItemProxy section */
		71FFDE1F2AF9DFA2003491BC /* PBXContainerItemProxy */ = {
			isa = PBXContainerItemProxy;
			containerPortal = 71331E692AF5D9810070D778 /* Project object */;
			proxyType = 1;
			remoteGlobalIDString = 71331E702AF5D9810070D778;
			remoteInfo = Veganize;
		};
/* End PBXContainerItemProxy section */

/* Begin PBXFileReference section */
		71331E712AF5D9810070D778 /* Veganize.app */ = {isa = PBXFileReference; explicitFileType = wrapper.application; includeInIndex = 0; path = Veganize.app; sourceTree = BUILT_PRODUCTS_DIR; };
		71331E742AF5D9810070D778 /* VeganizeApp.swift */ = {isa = PBXFileReference; lastKnownFileType = sourcecode.swift; path = VeganizeApp.swift; sourceTree = "<group>"; };
		71331E782AF5D9830070D778 /* Assets.xcassets */ = {isa = PBXFileReference; lastKnownFileType = folder.assetcatalog; path = Assets.xcassets; sourceTree = "<group>"; };
		71331E7B2AF5D9830070D778 /* Preview Assets.xcassets */ = {isa = PBXFileReference; lastKnownFileType = folder.assetcatalog; path = "Preview Assets.xcassets"; sourceTree = "<group>"; };
		71331E8E2AF6B23B0070D778 /* ScaledFont.swift */ = {isa = PBXFileReference; fileEncoding = 4; lastKnownFileType = sourcecode.swift; path = ScaledFont.swift; sourceTree = "<group>"; };
		71331E902AF6B2480070D778 /* CustomButtonStyle.swift */ = {isa = PBXFileReference; fileEncoding = 4; lastKnownFileType = sourcecode.swift; path = CustomButtonStyle.swift; sourceTree = "<group>"; };
		71331E922AF6B24C0070D778 /* ButtonStyle+Extension.swift */ = {isa = PBXFileReference; fileEncoding = 4; lastKnownFileType = sourcecode.swift; path = "ButtonStyle+Extension.swift"; sourceTree = "<group>"; };
		71331E942AF6B24F0070D778 /* Text+Extension.swift */ = {isa = PBXFileReference; fileEncoding = 4; lastKnownFileType = sourcecode.swift; path = "Text+Extension.swift"; sourceTree = "<group>"; };
		71331E962AF6B25E0070D778 /* Theme.swift */ = {isa = PBXFileReference; fileEncoding = 4; lastKnownFileType = sourcecode.swift; path = Theme.swift; sourceTree = "<group>"; };
		71331E982AF6B2620070D778 /* Constants.swift */ = {isa = PBXFileReference; fileEncoding = 4; lastKnownFileType = sourcecode.swift; path = Constants.swift; sourceTree = "<group>"; };
		71331E9A2AF6B26A0070D778 /* SectionHeader.swift */ = {isa = PBXFileReference; fileEncoding = 4; lastKnownFileType = sourcecode.swift; path = SectionHeader.swift; sourceTree = "<group>"; };
		71331E9D2AF6B3BA0070D778 /* HomeView.swift */ = {isa = PBXFileReference; lastKnownFileType = sourcecode.swift; path = HomeView.swift; sourceTree = "<group>"; };
		71331E9F2AF6B46A0070D778 /* Theme.xcassets */ = {isa = PBXFileReference; lastKnownFileType = folder.assetcatalog; path = Theme.xcassets; sourceTree = "<group>"; };
		71D042292AFEEA4900F88F92 /* TestData.swift */ = {isa = PBXFileReference; lastKnownFileType = sourcecode.swift; path = TestData.swift; sourceTree = "<group>"; };
		71D042302AFEF32900F88F92 /* RecipeDetailsViewModelTests.swift */ = {isa = PBXFileReference; lastKnownFileType = sourcecode.swift; path = RecipeDetailsViewModelTests.swift; sourceTree = "<group>"; };
		71D042322AFF088A00F88F92 /* RecipeImageView.swift */ = {isa = PBXFileReference; lastKnownFileType = sourcecode.swift; path = RecipeImageView.swift; sourceTree = "<group>"; };
		71D042382AFF13DE00F88F92 /* MockDataService.swift */ = {isa = PBXFileReference; lastKnownFileType = sourcecode.swift; path = MockDataService.swift; sourceTree = "<group>"; };
		71D0423D2AFFE90E00F88F92 /* HTTPDataDownloader.swift */ = {isa = PBXFileReference; fileEncoding = 4; lastKnownFileType = sourcecode.swift; path = HTTPDataDownloader.swift; sourceTree = "<group>"; };
		71F284D22AFEAB8800CF1CBC /* RecipeViewModel.swift */ = {isa = PBXFileReference; lastKnownFileType = sourcecode.swift; path = RecipeViewModel.swift; sourceTree = "<group>"; };
		71F284D42AFEAD8900CF1CBC /* RecipeDetailsViewModel.swift */ = {isa = PBXFileReference; lastKnownFileType = sourcecode.swift; path = RecipeDetailsViewModel.swift; sourceTree = "<group>"; };
		71F284D72AFEAFEB00CF1CBC /* RecipeDetailsCache.swift */ = {isa = PBXFileReference; lastKnownFileType = sourcecode.swift; path = RecipeDetailsCache.swift; sourceTree = "<group>"; };
		71F284D92AFEBF0300CF1CBC /* RecipeCard.swift */ = {isa = PBXFileReference; lastKnownFileType = sourcecode.swift; path = RecipeCard.swift; sourceTree = "<group>"; };
		71F284DD2AFEC27C00CF1CBC /* RecipeDetailsView.swift */ = {isa = PBXFileReference; lastKnownFileType = sourcecode.swift; path = RecipeDetailsView.swift; sourceTree = "<group>"; };
		71FFDE0E2AF9BABB003491BC /* RecipeDataService.swift */ = {isa = PBXFileReference; lastKnownFileType = sourcecode.swift; path = RecipeDataService.swift; sourceTree = "<group>"; };
		71FFDE102AF9C6C7003491BC /* Recipe.swift */ = {isa = PBXFileReference; lastKnownFileType = sourcecode.swift; path = Recipe.swift; sourceTree = "<group>"; };
		71FFDE152AF9D103003491BC /* RecipeAPIError.swift */ = {isa = PBXFileReference; lastKnownFileType = sourcecode.swift; path = RecipeAPIError.swift; sourceTree = "<group>"; };
		71FFDE1B2AF9DFA2003491BC /* VeganizeTests.xctest */ = {isa = PBXFileReference; explicitFileType = wrapper.cfbundle; includeInIndex = 0; path = VeganizeTests.xctest; sourceTree = BUILT_PRODUCTS_DIR; };
		71FFDE1D2AF9DFA2003491BC /* VeganizeTests.swift */ = {isa = PBXFileReference; lastKnownFileType = sourcecode.swift; path = VeganizeTests.swift; sourceTree = "<group>"; };
/* End PBXFileReference section */

/* Begin PBXFrameworksBuildPhase section */
		71331E6E2AF5D9810070D778 /* Frameworks */ = {
			isa = PBXFrameworksBuildPhase;
			buildActionMask = 2147483647;
			files = (
				71D042362AFF0A0800F88F92 /* Kingfisher in Frameworks */,
			);
			runOnlyForDeploymentPostprocessing = 0;
		};
		71FFDE182AF9DFA2003491BC /* Frameworks */ = {
			isa = PBXFrameworksBuildPhase;
			buildActionMask = 2147483647;
			files = (
			);
			runOnlyForDeploymentPostprocessing = 0;
		};
/* End PBXFrameworksBuildPhase section */

/* Begin PBXGroup section */
		71331E682AF5D9810070D778 = {
			isa = PBXGroup;
			children = (
				71331E732AF5D9810070D778 /* Veganize */,
				71FFDE1C2AF9DFA2003491BC /* VeganizeTests */,
				71331E722AF5D9810070D778 /* Products */,
			);
			sourceTree = "<group>";
		};
		71331E722AF5D9810070D778 /* Products */ = {
			isa = PBXGroup;
			children = (
				71331E712AF5D9810070D778 /* Veganize.app */,
				71FFDE1B2AF9DFA2003491BC /* VeganizeTests.xctest */,
			);
			name = Products;
			sourceTree = "<group>";
		};
		71331E732AF5D9810070D778 /* Veganize */ = {
			isa = PBXGroup;
			children = (
				71F284D12AFEAB7900CF1CBC /* ViewModels */,
				71FFDE0D2AF9BAA0003491BC /* Networking */,
				71331E852AF5E0740070D778 /* Views */,
				71331E862AF5E0790070D778 /* Models */,
				71331E822AF5DB040070D778 /* App */,
				71331E8D2AF6B2320070D778 /* Utilities */,
				71331E7A2AF5D9830070D778 /* Preview Content */,
			);
			path = Veganize;
			sourceTree = "<group>";
		};
		71331E7A2AF5D9830070D778 /* Preview Content */ = {
			isa = PBXGroup;
			children = (
				71331E7B2AF5D9830070D778 /* Preview Assets.xcassets */,
			);
			path = "Preview Content";
			sourceTree = "<group>";
		};
		71331E822AF5DB040070D778 /* App */ = {
			isa = PBXGroup;
			children = (
				71331E742AF5D9810070D778 /* VeganizeApp.swift */,
				71331E782AF5D9830070D778 /* Assets.xcassets */,
				71331E9F2AF6B46A0070D778 /* Theme.xcassets */,
			);
			path = App;
			sourceTree = "<group>";
		};
		71331E852AF5E0740070D778 /* Views */ = {
			isa = PBXGroup;
			children = (
				71F284DC2AFEC27000CF1CBC /* RecipeDetails */,
				71331E8B2AF5E0C20070D778 /* Settings */,
				71331E8A2AF5E0BC0070D778 /* Favorites */,
				71331E882AF5E0AD0070D778 /* Home */,
			);
			path = Views;
			sourceTree = "<group>";
		};
		71331E862AF5E0790070D778 /* Models */ = {
			isa = PBXGroup;
			children = (
				71FFDE102AF9C6C7003491BC /* Recipe.swift */,
				71FFDE152AF9D103003491BC /* RecipeAPIError.swift */,
			);
			path = Models;
			sourceTree = "<group>";
		};
		71331E882AF5E0AD0070D778 /* Home */ = {
			isa = PBXGroup;
			children = (
				71331E9D2AF6B3BA0070D778 /* HomeView.swift */,
				71331E9C2AF6B3340070D778 /* Supporting Views */,
			);
			path = Home;
			sourceTree = "<group>";
		};
		71331E8A2AF5E0BC0070D778 /* Favorites */ = {
			isa = PBXGroup;
			children = (
			);
			path = Favorites;
			sourceTree = "<group>";
		};
		71331E8B2AF5E0C20070D778 /* Settings */ = {
			isa = PBXGroup;
			children = (
			);
			path = Settings;
			sourceTree = "<group>";
		};
		71331E8D2AF6B2320070D778 /* Utilities */ = {
			isa = PBXGroup;
			children = (
				71331E8E2AF6B23B0070D778 /* ScaledFont.swift */,
				71331E902AF6B2480070D778 /* CustomButtonStyle.swift */,
				71331E922AF6B24C0070D778 /* ButtonStyle+Extension.swift */,
				71331E942AF6B24F0070D778 /* Text+Extension.swift */,
				71331E9A2AF6B26A0070D778 /* SectionHeader.swift */,
				71331E962AF6B25E0070D778 /* Theme.swift */,
				71331E982AF6B2620070D778 /* Constants.swift */,
			);
			path = Utilities;
			sourceTree = "<group>";
		};
		71331E9C2AF6B3340070D778 /* Supporting Views */ = {
			isa = PBXGroup;
			children = (
				71F284D92AFEBF0300CF1CBC /* RecipeCard.swift */,
			);
			path = "Supporting Views";
			sourceTree = "<group>";
		};
		71D0422B2AFEF13600F88F92 /* Images */ = {
			isa = PBXGroup;
			children = (
				71D042322AFF088A00F88F92 /* RecipeImageView.swift */,
			);
			path = Images;
			sourceTree = "<group>";
		};
		71D042372AFF13C900F88F92 /* Service */ = {
			isa = PBXGroup;
			children = (
				71FFDE0E2AF9BABB003491BC /* RecipeDataService.swift */,
				71D042382AFF13DE00F88F92 /* MockDataService.swift */,
			);
			path = Service;
			sourceTree = "<group>";
		};
		71F284D12AFEAB7900CF1CBC /* ViewModels */ = {
			isa = PBXGroup;
			children = (
				71F284D22AFEAB8800CF1CBC /* RecipeViewModel.swift */,
				71F284D42AFEAD8900CF1CBC /* RecipeDetailsViewModel.swift */,
			);
			path = ViewModels;
			sourceTree = "<group>";
		};
		71F284D62AFEAFDE00CF1CBC /* Cache */ = {
			isa = PBXGroup;
			children = (
				71F284D72AFEAFEB00CF1CBC /* RecipeDetailsCache.swift */,
			);
			path = Cache;
			sourceTree = "<group>";
		};
		71F284DC2AFEC27000CF1CBC /* RecipeDetails */ = {
			isa = PBXGroup;
			children = (
				71F284DD2AFEC27C00CF1CBC /* RecipeDetailsView.swift */,
			);
			path = RecipeDetails;
			sourceTree = "<group>";
		};
		71FFDE0D2AF9BAA0003491BC /* Networking */ = {
			isa = PBXGroup;
			children = (
				71D0422B2AFEF13600F88F92 /* Images */,
				71F284D62AFEAFDE00CF1CBC /* Cache */,
				71FFDE122AF9D0D6003491BC /* API */,
			);
			path = Networking;
			sourceTree = "<group>";
		};
		71FFDE122AF9D0D6003491BC /* API */ = {
			isa = PBXGroup;
			children = (
				71D042372AFF13C900F88F92 /* Service */,
				71D0423D2AFFE90E00F88F92 /* HTTPDataDownloader.swift */,
			);
			path = API;
			sourceTree = "<group>";
		};
		71FFDE1C2AF9DFA2003491BC /* VeganizeTests */ = {
			isa = PBXGroup;
			children = (
				71FFDE1D2AF9DFA2003491BC /* VeganizeTests.swift */,
				71D042292AFEEA4900F88F92 /* TestData.swift */,
				71D042302AFEF32900F88F92 /* RecipeDetailsViewModelTests.swift */,
			);
			path = VeganizeTests;
			sourceTree = "<group>";
		};
/* End PBXGroup section */

/* Begin PBXNativeTarget section */
		71331E702AF5D9810070D778 /* Veganize */ = {
			isa = PBXNativeTarget;
			buildConfigurationList = 71331E7F2AF5D9830070D778 /* Build configuration list for PBXNativeTarget "Veganize" */;
			buildPhases = (
				71331E6D2AF5D9810070D778 /* Sources */,
				71331E6E2AF5D9810070D778 /* Frameworks */,
				71331E6F2AF5D9810070D778 /* Resources */,
			);
			buildRules = (
			);
			dependencies = (
			);
			name = Veganize;
			packageProductDependencies = (
				71D042352AFF0A0800F88F92 /* Kingfisher */,
			);
			productName = Veganize;
			productReference = 71331E712AF5D9810070D778 /* Veganize.app */;
			productType = "com.apple.product-type.application";
		};
		71FFDE1A2AF9DFA2003491BC /* VeganizeTests */ = {
			isa = PBXNativeTarget;
			buildConfigurationList = 71FFDE212AF9DFA2003491BC /* Build configuration list for PBXNativeTarget "VeganizeTests" */;
			buildPhases = (
				71FFDE172AF9DFA2003491BC /* Sources */,
				71FFDE182AF9DFA2003491BC /* Frameworks */,
				71FFDE192AF9DFA2003491BC /* Resources */,
			);
			buildRules = (
			);
			dependencies = (
				71FFDE202AF9DFA2003491BC /* PBXTargetDependency */,
			);
			name = VeganizeTests;
			productName = VeganizeTests;
			productReference = 71FFDE1B2AF9DFA2003491BC /* VeganizeTests.xctest */;
			productType = "com.apple.product-type.bundle.unit-test";
		};
/* End PBXNativeTarget section */

/* Begin PBXProject section */
		71331E692AF5D9810070D778 /* Project object */ = {
			isa = PBXProject;
			attributes = {
				BuildIndependentTargetsInParallel = 1;
				LastSwiftUpdateCheck = 1500;
				LastUpgradeCheck = 1500;
				TargetAttributes = {
					71331E702AF5D9810070D778 = {
						CreatedOnToolsVersion = 15.0.1;
					};
					71FFDE1A2AF9DFA2003491BC = {
						CreatedOnToolsVersion = 15.0.1;
						TestTargetID = 71331E702AF5D9810070D778;
					};
				};
			};
			buildConfigurationList = 71331E6C2AF5D9810070D778 /* Build configuration list for PBXProject "Veganize" */;
			compatibilityVersion = "Xcode 14.0";
			developmentRegion = en;
			hasScannedForEncodings = 0;
			knownRegions = (
				en,
				Base,
			);
			mainGroup = 71331E682AF5D9810070D778;
			packageReferences = (
				71D042342AFF0A0800F88F92 /* XCRemoteSwiftPackageReference "Kingfisher" */,
			);
			productRefGroup = 71331E722AF5D9810070D778 /* Products */;
			projectDirPath = "";
			projectRoot = "";
			targets = (
				71331E702AF5D9810070D778 /* Veganize */,
				71FFDE1A2AF9DFA2003491BC /* VeganizeTests */,
			);
		};
/* End PBXProject section */

/* Begin PBXResourcesBuildPhase section */
		71331E6F2AF5D9810070D778 /* Resources */ = {
			isa = PBXResourcesBuildPhase;
			buildActionMask = 2147483647;
			files = (
				71331EA02AF6B46A0070D778 /* Theme.xcassets in Resources */,
				71331E7C2AF5D9830070D778 /* Preview Assets.xcassets in Resources */,
				71331E792AF5D9830070D778 /* Assets.xcassets in Resources */,
			);
			runOnlyForDeploymentPostprocessing = 0;
		};
		71FFDE192AF9DFA2003491BC /* Resources */ = {
			isa = PBXResourcesBuildPhase;
			buildActionMask = 2147483647;
			files = (
			);
			runOnlyForDeploymentPostprocessing = 0;
		};
/* End PBXResourcesBuildPhase section */

/* Begin PBXSourcesBuildPhase section */
		71331E6D2AF5D9810070D778 /* Sources */ = {
			isa = PBXSourcesBuildPhase;
			buildActionMask = 2147483647;
			files = (
				71F284DA2AFEBF0300CF1CBC /* RecipeCard.swift in Sources */,
				71D0423E2AFFE90E00F88F92 /* HTTPDataDownloader.swift in Sources */,
				71331E8F2AF6B23B0070D778 /* ScaledFont.swift in Sources */,
				71D042332AFF088A00F88F92 /* RecipeImageView.swift in Sources */,
				71F284D52AFEAD8900CF1CBC /* RecipeDetailsViewModel.swift in Sources */,
				71331E932AF6B24C0070D778 /* ButtonStyle+Extension.swift in Sources */,
				71D042392AFF13DE00F88F92 /* MockDataService.swift in Sources */,
				71FFDE112AF9C6C7003491BC /* Recipe.swift in Sources */,
				71331E9E2AF6B3BA0070D778 /* HomeView.swift in Sources */,
				71331E912AF6B2480070D778 /* CustomButtonStyle.swift in Sources */,
				71331E952AF6B24F0070D778 /* Text+Extension.swift in Sources */,
				71FFDE162AF9D103003491BC /* RecipeAPIError.swift in Sources */,
				71FFDE0F2AF9BABB003491BC /* RecipeDataService.swift in Sources */,
				71D0423A2AFF150100F88F92 /* TestData.swift in Sources */,
				71331E9B2AF6B26A0070D778 /* SectionHeader.swift in Sources */,
				71331E752AF5D9810070D778 /* VeganizeApp.swift in Sources */,
				71331E972AF6B25E0070D778 /* Theme.swift in Sources */,
				71F284DE2AFEC27C00CF1CBC /* RecipeDetailsView.swift in Sources */,
				71F284D32AFEAB8800CF1CBC /* RecipeViewModel.swift in Sources */,
				71F284D82AFEAFEB00CF1CBC /* RecipeDetailsCache.swift in Sources */,
				71331E992AF6B2620070D778 /* Constants.swift in Sources */,
			);
			runOnlyForDeploymentPostprocessing = 0;
		};
		71FFDE172AF9DFA2003491BC /* Sources */ = {
			isa = PBXSourcesBuildPhase;
			buildActionMask = 2147483647;
			files = (
				71D042312AFEF32900F88F92 /* RecipeDetailsViewModelTests.swift in Sources */,
				71FFDE1E2AF9DFA2003491BC /* VeganizeTests.swift in Sources */,
				71D0422A2AFEEA4900F88F92 /* TestData.swift in Sources */,
			);
			runOnlyForDeploymentPostprocessing = 0;
		};
/* End PBXSourcesBuildPhase section */

/* Begin PBXTargetDependency section */
		71FFDE202AF9DFA2003491BC /* PBXTargetDependency */ = {
			isa = PBXTargetDependency;
			target = 71331E702AF5D9810070D778 /* Veganize */;
			targetProxy = 71FFDE1F2AF9DFA2003491BC /* PBXContainerItemProxy */;
		};
/* End PBXTargetDependency section */

/* Begin XCBuildConfiguration section */
		71331E7D2AF5D9830070D778 /* Debug */ = {
			isa = XCBuildConfiguration;
			buildSettings = {
				ALWAYS_SEARCH_USER_PATHS = NO;
				ASSETCATALOG_COMPILER_GENERATE_SWIFT_ASSET_SYMBOL_EXTENSIONS = YES;
				CLANG_ANALYZER_NONNULL = YES;
				CLANG_ANALYZER_NUMBER_OBJECT_CONVERSION = YES_AGGRESSIVE;
				CLANG_CXX_LANGUAGE_STANDARD = "gnu++20";
				CLANG_ENABLE_MODULES = YES;
				CLANG_ENABLE_OBJC_ARC = YES;
				CLANG_ENABLE_OBJC_WEAK = YES;
				CLANG_WARN_BLOCK_CAPTURE_AUTORELEASING = YES;
				CLANG_WARN_BOOL_CONVERSION = YES;
				CLANG_WARN_COMMA = YES;
				CLANG_WARN_CONSTANT_CONVERSION = YES;
				CLANG_WARN_DEPRECATED_OBJC_IMPLEMENTATIONS = YES;
				CLANG_WARN_DIRECT_OBJC_ISA_USAGE = YES_ERROR;
				CLANG_WARN_DOCUMENTATION_COMMENTS = YES;
				CLANG_WARN_EMPTY_BODY = YES;
				CLANG_WARN_ENUM_CONVERSION = YES;
				CLANG_WARN_INFINITE_RECURSION = YES;
				CLANG_WARN_INT_CONVERSION = YES;
				CLANG_WARN_NON_LITERAL_NULL_CONVERSION = YES;
				CLANG_WARN_OBJC_IMPLICIT_RETAIN_SELF = YES;
				CLANG_WARN_OBJC_LITERAL_CONVERSION = YES;
				CLANG_WARN_OBJC_ROOT_CLASS = YES_ERROR;
				CLANG_WARN_QUOTED_INCLUDE_IN_FRAMEWORK_HEADER = YES;
				CLANG_WARN_RANGE_LOOP_ANALYSIS = YES;
				CLANG_WARN_STRICT_PROTOTYPES = YES;
				CLANG_WARN_SUSPICIOUS_MOVE = YES;
				CLANG_WARN_UNGUARDED_AVAILABILITY = YES_AGGRESSIVE;
				CLANG_WARN_UNREACHABLE_CODE = YES;
				CLANG_WARN__DUPLICATE_METHOD_MATCH = YES;
				COPY_PHASE_STRIP = NO;
				DEBUG_INFORMATION_FORMAT = dwarf;
				ENABLE_STRICT_OBJC_MSGSEND = YES;
				ENABLE_TESTABILITY = YES;
				ENABLE_USER_SCRIPT_SANDBOXING = YES;
				GCC_C_LANGUAGE_STANDARD = gnu17;
				GCC_DYNAMIC_NO_PIC = NO;
				GCC_NO_COMMON_BLOCKS = YES;
				GCC_OPTIMIZATION_LEVEL = 0;
				GCC_PREPROCESSOR_DEFINITIONS = (
					"DEBUG=1",
					"$(inherited)",
				);
				GCC_WARN_64_TO_32_BIT_CONVERSION = YES;
				GCC_WARN_ABOUT_RETURN_TYPE = YES_ERROR;
				GCC_WARN_UNDECLARED_SELECTOR = YES;
				GCC_WARN_UNINITIALIZED_AUTOS = YES_AGGRESSIVE;
				GCC_WARN_UNUSED_FUNCTION = YES;
				GCC_WARN_UNUSED_VARIABLE = YES;
				IPHONEOS_DEPLOYMENT_TARGET = 17.0;
				LOCALIZATION_PREFERS_STRING_CATALOGS = YES;
				MTL_ENABLE_DEBUG_INFO = INCLUDE_SOURCE;
				MTL_FAST_MATH = YES;
				ONLY_ACTIVE_ARCH = YES;
				SDKROOT = iphoneos;
				SWIFT_ACTIVE_COMPILATION_CONDITIONS = "DEBUG $(inherited)";
				SWIFT_OPTIMIZATION_LEVEL = "-Onone";
			};
			name = Debug;
		};
		71331E7E2AF5D9830070D778 /* Release */ = {
			isa = XCBuildConfiguration;
			buildSettings = {
				ALWAYS_SEARCH_USER_PATHS = NO;
				ASSETCATALOG_COMPILER_GENERATE_SWIFT_ASSET_SYMBOL_EXTENSIONS = YES;
				CLANG_ANALYZER_NONNULL = YES;
				CLANG_ANALYZER_NUMBER_OBJECT_CONVERSION = YES_AGGRESSIVE;
				CLANG_CXX_LANGUAGE_STANDARD = "gnu++20";
				CLANG_ENABLE_MODULES = YES;
				CLANG_ENABLE_OBJC_ARC = YES;
				CLANG_ENABLE_OBJC_WEAK = YES;
				CLANG_WARN_BLOCK_CAPTURE_AUTORELEASING = YES;
				CLANG_WARN_BOOL_CONVERSION = YES;
				CLANG_WARN_COMMA = YES;
				CLANG_WARN_CONSTANT_CONVERSION = YES;
				CLANG_WARN_DEPRECATED_OBJC_IMPLEMENTATIONS = YES;
				CLANG_WARN_DIRECT_OBJC_ISA_USAGE = YES_ERROR;
				CLANG_WARN_DOCUMENTATION_COMMENTS = YES;
				CLANG_WARN_EMPTY_BODY = YES;
				CLANG_WARN_ENUM_CONVERSION = YES;
				CLANG_WARN_INFINITE_RECURSION = YES;
				CLANG_WARN_INT_CONVERSION = YES;
				CLANG_WARN_NON_LITERAL_NULL_CONVERSION = YES;
				CLANG_WARN_OBJC_IMPLICIT_RETAIN_SELF = YES;
				CLANG_WARN_OBJC_LITERAL_CONVERSION = YES;
				CLANG_WARN_OBJC_ROOT_CLASS = YES_ERROR;
				CLANG_WARN_QUOTED_INCLUDE_IN_FRAMEWORK_HEADER = YES;
				CLANG_WARN_RANGE_LOOP_ANALYSIS = YES;
				CLANG_WARN_STRICT_PROTOTYPES = YES;
				CLANG_WARN_SUSPICIOUS_MOVE = YES;
				CLANG_WARN_UNGUARDED_AVAILABILITY = YES_AGGRESSIVE;
				CLANG_WARN_UNREACHABLE_CODE = YES;
				CLANG_WARN__DUPLICATE_METHOD_MATCH = YES;
				COPY_PHASE_STRIP = NO;
				DEBUG_INFORMATION_FORMAT = "dwarf-with-dsym";
				ENABLE_NS_ASSERTIONS = NO;
				ENABLE_STRICT_OBJC_MSGSEND = YES;
				ENABLE_USER_SCRIPT_SANDBOXING = YES;
				GCC_C_LANGUAGE_STANDARD = gnu17;
				GCC_NO_COMMON_BLOCKS = YES;
				GCC_WARN_64_TO_32_BIT_CONVERSION = YES;
				GCC_WARN_ABOUT_RETURN_TYPE = YES_ERROR;
				GCC_WARN_UNDECLARED_SELECTOR = YES;
				GCC_WARN_UNINITIALIZED_AUTOS = YES_AGGRESSIVE;
				GCC_WARN_UNUSED_FUNCTION = YES;
				GCC_WARN_UNUSED_VARIABLE = YES;
				IPHONEOS_DEPLOYMENT_TARGET = 17.0;
				LOCALIZATION_PREFERS_STRING_CATALOGS = YES;
				MTL_ENABLE_DEBUG_INFO = NO;
				MTL_FAST_MATH = YES;
				SDKROOT = iphoneos;
				SWIFT_COMPILATION_MODE = wholemodule;
				VALIDATE_PRODUCT = YES;
			};
			name = Release;
		};
		71331E802AF5D9830070D778 /* Debug */ = {
			isa = XCBuildConfiguration;
			buildSettings = {
				ASSETCATALOG_COMPILER_APPICON_NAME = AppIcon;
				ASSETCATALOG_COMPILER_GLOBAL_ACCENT_COLOR_NAME = AccentColor;
				CODE_SIGN_STYLE = Automatic;
				CURRENT_PROJECT_VERSION = 1;
				DEVELOPMENT_ASSET_PATHS = "\"Veganize/Preview Content\"";
				DEVELOPMENT_TEAM = 7VM5MRXF6F;
				ENABLE_PREVIEWS = YES;
				GENERATE_INFOPLIST_FILE = YES;
				INFOPLIST_KEY_UIApplicationSceneManifest_Generation = YES;
				INFOPLIST_KEY_UIApplicationSupportsIndirectInputEvents = YES;
				INFOPLIST_KEY_UILaunchScreen_Generation = YES;
				INFOPLIST_KEY_UISupportedInterfaceOrientations_iPad = "UIInterfaceOrientationPortrait UIInterfaceOrientationPortraitUpsideDown UIInterfaceOrientationLandscapeLeft UIInterfaceOrientationLandscapeRight";
				INFOPLIST_KEY_UISupportedInterfaceOrientations_iPhone = "UIInterfaceOrientationPortrait UIInterfaceOrientationLandscapeLeft UIInterfaceOrientationLandscapeRight";
				LD_RUNPATH_SEARCH_PATHS = (
					"$(inherited)",
					"@executable_path/Frameworks",
				);
				MARKETING_VERSION = 1.0;
				PRODUCT_BUNDLE_IDENTIFIER = me.lewis.danielle.Veganize;
				PRODUCT_NAME = "$(TARGET_NAME)";
				SWIFT_EMIT_LOC_STRINGS = YES;
				SWIFT_VERSION = 5.0;
				TARGETED_DEVICE_FAMILY = "1,2";
			};
			name = Debug;
		};
		71331E812AF5D9830070D778 /* Release */ = {
			isa = XCBuildConfiguration;
			buildSettings = {
				ASSETCATALOG_COMPILER_APPICON_NAME = AppIcon;
				ASSETCATALOG_COMPILER_GLOBAL_ACCENT_COLOR_NAME = AccentColor;
				CODE_SIGN_STYLE = Automatic;
				CURRENT_PROJECT_VERSION = 1;
				DEVELOPMENT_ASSET_PATHS = "\"Veganize/Preview Content\"";
				DEVELOPMENT_TEAM = 7VM5MRXF6F;
				ENABLE_PREVIEWS = YES;
				GENERATE_INFOPLIST_FILE = YES;
				INFOPLIST_KEY_UIApplicationSceneManifest_Generation = YES;
				INFOPLIST_KEY_UIApplicationSupportsIndirectInputEvents = YES;
				INFOPLIST_KEY_UILaunchScreen_Generation = YES;
				INFOPLIST_KEY_UISupportedInterfaceOrientations_iPad = "UIInterfaceOrientationPortrait UIInterfaceOrientationPortraitUpsideDown UIInterfaceOrientationLandscapeLeft UIInterfaceOrientationLandscapeRight";
				INFOPLIST_KEY_UISupportedInterfaceOrientations_iPhone = "UIInterfaceOrientationPortrait UIInterfaceOrientationLandscapeLeft UIInterfaceOrientationLandscapeRight";
				LD_RUNPATH_SEARCH_PATHS = (
					"$(inherited)",
					"@executable_path/Frameworks",
				);
				MARKETING_VERSION = 1.0;
				PRODUCT_BUNDLE_IDENTIFIER = me.lewis.danielle.Veganize;
				PRODUCT_NAME = "$(TARGET_NAME)";
				SWIFT_EMIT_LOC_STRINGS = YES;
				SWIFT_VERSION = 5.0;
				TARGETED_DEVICE_FAMILY = "1,2";
			};
			name = Release;
		};
		71FFDE222AF9DFA2003491BC /* Debug */ = {
			isa = XCBuildConfiguration;
			buildSettings = {
				BUNDLE_LOADER = "$(TEST_HOST)";
				CODE_SIGN_STYLE = Automatic;
				CURRENT_PROJECT_VERSION = 1;
				DEVELOPMENT_TEAM = 7VM5MRXF6F;
				GENERATE_INFOPLIST_FILE = YES;
				MARKETING_VERSION = 1.0;
				PRODUCT_BUNDLE_IDENTIFIER = me.lewis.danielle.VeganizeTests;
				PRODUCT_NAME = "$(TARGET_NAME)";
				SWIFT_EMIT_LOC_STRINGS = NO;
				SWIFT_VERSION = 5.0;
				TARGETED_DEVICE_FAMILY = "1,2";
				TEST_HOST = "$(BUILT_PRODUCTS_DIR)/Veganize.app/$(BUNDLE_EXECUTABLE_FOLDER_PATH)/Veganize";
			};
			name = Debug;
		};
		71FFDE232AF9DFA2003491BC /* Release */ = {
			isa = XCBuildConfiguration;
			buildSettings = {
				BUNDLE_LOADER = "$(TEST_HOST)";
				CODE_SIGN_STYLE = Automatic;
				CURRENT_PROJECT_VERSION = 1;
				DEVELOPMENT_TEAM = 7VM5MRXF6F;
				GENERATE_INFOPLIST_FILE = YES;
				MARKETING_VERSION = 1.0;
				PRODUCT_BUNDLE_IDENTIFIER = me.lewis.danielle.VeganizeTests;
				PRODUCT_NAME = "$(TARGET_NAME)";
				SWIFT_EMIT_LOC_STRINGS = NO;
				SWIFT_VERSION = 5.0;
				TARGETED_DEVICE_FAMILY = "1,2";
				TEST_HOST = "$(BUILT_PRODUCTS_DIR)/Veganize.app/$(BUNDLE_EXECUTABLE_FOLDER_PATH)/Veganize";
			};
			name = Release;
		};
/* End XCBuildConfiguration section */

/* Begin XCConfigurationList section */
		71331E6C2AF5D9810070D778 /* Build configuration list for PBXProject "Veganize" */ = {
			isa = XCConfigurationList;
			buildConfigurations = (
				71331E7D2AF5D9830070D778 /* Debug */,
				71331E7E2AF5D9830070D778 /* Release */,
			);
			defaultConfigurationIsVisible = 0;
			defaultConfigurationName = Release;
		};
		71331E7F2AF5D9830070D778 /* Build configuration list for PBXNativeTarget "Veganize" */ = {
			isa = XCConfigurationList;
			buildConfigurations = (
				71331E802AF5D9830070D778 /* Debug */,
				71331E812AF5D9830070D778 /* Release */,
			);
			defaultConfigurationIsVisible = 0;
			defaultConfigurationName = Release;
		};
		71FFDE212AF9DFA2003491BC /* Build configuration list for PBXNativeTarget "VeganizeTests" */ = {
			isa = XCConfigurationList;
			buildConfigurations = (
				71FFDE222AF9DFA2003491BC /* Debug */,
				71FFDE232AF9DFA2003491BC /* Release */,
			);
			defaultConfigurationIsVisible = 0;
			defaultConfigurationName = Release;
		};
/* End XCConfigurationList section */

/* Begin XCRemoteSwiftPackageReference section */
		71D042342AFF0A0800F88F92 /* XCRemoteSwiftPackageReference "Kingfisher" */ = {
			isa = XCRemoteSwiftPackageReference;
			repositoryURL = "https://github.com/onevcat/Kingfisher";
			requirement = {
				kind = upToNextMajorVersion;
				minimumVersion = 7.10.0;
			};
		};
/* End XCRemoteSwiftPackageReference section */

/* Begin XCSwiftPackageProductDependency section */
		71D042352AFF0A0800F88F92 /* Kingfisher */ = {
			isa = XCSwiftPackageProductDependency;
			package = 71D042342AFF0A0800F88F92 /* XCRemoteSwiftPackageReference "Kingfisher" */;
			productName = Kingfisher;
		};
/* End XCSwiftPackageProductDependency section */
	};
	rootObject = 71331E692AF5D9810070D778 /* Project object */;
}
